
Microsoft Visual Studio Solution File, Format Version 12.00
# Visual Studio 2012
Project("{FAE04EC0-301F-11D3-BF4B-00C04F79EFBC}") = "JmDNS-Sample", "JmDNS-Sample\JmDNS-Sample.csproj", "{2A5E6D72-742E-4B63-9DBA-EFDF89EE8F06}"
EndProject
Project("{FAE04EC0-301F-11D3-BF4B-00C04F79EFBC}") = "JmDNS-Bindings", "..\bindings\JmDNS-Bindings.csproj", "{3E8EAC06-E226-4FB2-90B4-0AD65A618EAE}"
EndProject
Global
	GlobalSection(SolutionConfigurationPlatforms) = preSolution
		Debug|Any CPU = Debug|Any CPU
		Release|Any CPU = Release|Any CPU
	EndGlobalSection
	GlobalSection(ProjectConfigurationPlatforms) = postSolution
		{2A5E6D72-742E-4B63-9DBA-EFDF89EE8F06}.Debug|Any CPU.ActiveCfg = Debug|Any CPU
		{2A5E6D72-742E-4B63-9DBA-EFDF89EE8F06}.Debug|Any CPU.Build.0 = Debug|Any CPU
		{2A5E6D72-742E-4B63-9DBA-EFDF89EE8F06}.Release|Any CPU.ActiveCfg = Release|Any CPU
		{2A5E6D72-742E-4B63-9DBA-EFDF89EE8F06}.Release|Any CPU.Build.0 = Release|Any CPU
		{3E8EAC06-E226-4FB2-90B4-0AD65A618EAE}.Debug|Any CPU.ActiveCfg = Debug|Any CPU
		{3E8EAC06-E226-4FB2-90B4-0AD65A618EAE}.Debug|Any CPU.Build.0 = Debug|Any CPU
		{3E8EAC06-E226-4FB2-90B4-0AD65A618EAE}.Release|Any CPU.ActiveCfg = Release|Any CPU
		{3E8EAC06-E226-4FB2-90B4-0AD65A618EAE}.Release|Any CPU.Build.0 = Release|Any CPU
	EndGlobalSection
	GlobalSection(MonoDevelopProperties) = preSolution
		StartupItem = JmDNS-Sample\JmDNS-Sample.csproj
	EndGlobalSection
EndGlobal
