
Microsoft Visual Studio Solution File, Format Version 12.00
# Visual Studio 2012
Project("{FAE04EC0-301F-11D3-BF4B-00C04F79EFBC}") = "Shutterbug-Sample", "Shutterbug-Sample\Shutterbug-Sample.csproj", "{CC1534D3-2F60-4317-9D77-32C8EBF9BE4B}"
EndProject
Project("{FAE04EC0-301F-11D3-BF4B-00C04F79EFBC}") = "Shutterbug-Bindings", "..\bindings\Shutterbug-Bindings.csproj", "{01F81063-2F0F-41A3-ABDF-5C6148C87947}"
EndProject
Global
	GlobalSection(SolutionConfigurationPlatforms) = preSolution
		Debug|Any CPU = Debug|Any CPU
		Release|Any CPU = Release|Any CPU
	EndGlobalSection
	GlobalSection(ProjectConfigurationPlatforms) = postSolution
		{01F81063-2F0F-41A3-ABDF-5C6148C87947}.Debug|Any CPU.ActiveCfg = Debug|Any CPU
		{01F81063-2F0F-41A3-ABDF-5C6148C87947}.Debug|Any CPU.Build.0 = Debug|Any CPU
		{01F81063-2F0F-41A3-ABDF-5C6148C87947}.Release|Any CPU.ActiveCfg = Release|Any CPU
		{01F81063-2F0F-41A3-ABDF-5C6148C87947}.Release|Any CPU.Build.0 = Release|Any CPU
		{CC1534D3-2F60-4317-9D77-32C8EBF9BE4B}.Debug|Any CPU.ActiveCfg = Debug|Any CPU
		{CC1534D3-2F60-4317-9D77-32C8EBF9BE4B}.Debug|Any CPU.Build.0 = Debug|Any CPU
		{CC1534D3-2F60-4317-9D77-32C8EBF9BE4B}.Release|Any CPU.ActiveCfg = Release|Any CPU
		{CC1534D3-2F60-4317-9D77-32C8EBF9BE4B}.Release|Any CPU.Build.0 = Release|Any CPU
	EndGlobalSection
	GlobalSection(MonoDevelopProperties) = preSolution
		StartupItem = Shutterbug-Sample\Shutterbug-Sample.csproj
	EndGlobalSection
EndGlobal
